
Microsoft Visual Studio Solution File, Format Version 12.00
# Visual Studio Version 17
VisualStudioVersion = 17.10.35004.147
MinimumVisualStudioVersion = 10.0.40219.1
Project("{9A19103F-16F7-4668-BE54-9A1E7A4F7556}") = "TaskManager.Server", "TaskManager.Server\TaskManager.Server.csproj", "{17EF65AE-6F62-4A2E-935C-1A03859345F2}"
EndProject
Project("{54A90642-561A-4BB1-A94E-469ADEE60C69}") = "taskmanager.client", "taskmanager.client\taskmanager.client.esproj", "{DDFB4870-BA44-4DFD-BC2E-EDB3ECCAA184}"
EndProject
Project("{9A19103F-16F7-4668-BE54-9A1E7A4F7556}") = "TaskManager.Domain", "TaskManager.Domain\TaskManager.Domain.csproj", "{DBB8E061-232B-4385-88C8-6B985F02AFF2}"
EndProject
Project("{FAE04EC0-301F-11D3-BF4B-00C04F79EFBC}") = "TaskManager.Infrastructure", "TaskManager.Infrastructure\TaskManager.Infrastructure.csproj", "{15D04A44-20CB-44C8-8591-117B281BEE26}"
EndProject
Global
	GlobalSection(SolutionConfigurationPlatforms) = preSolution
		Debug|Any CPU = Debug|Any CPU
		Release|Any CPU = Release|Any CPU
	EndGlobalSection
	GlobalSection(ProjectConfigurationPlatforms) = postSolution
		{17EF65AE-6F62-4A2E-935C-1A03859345F2}.Debug|Any CPU.ActiveCfg = Debug|Any CPU
		{17EF65AE-6F62-4A2E-935C-1A03859345F2}.Debug|Any CPU.Build.0 = Debug|Any CPU
		{17EF65AE-6F62-4A2E-935C-1A03859345F2}.Release|Any CPU.ActiveCfg = Release|Any CPU
		{17EF65AE-6F62-4A2E-935C-1A03859345F2}.Release|Any CPU.Build.0 = Release|Any CPU
		{DDFB4870-BA44-4DFD-BC2E-EDB3ECCAA184}.Debug|Any CPU.ActiveCfg = Debug|Any CPU
		{DDFB4870-BA44-4DFD-BC2E-EDB3ECCAA184}.Debug|Any CPU.Build.0 = Debug|Any CPU
		{DDFB4870-BA44-4DFD-BC2E-EDB3ECCAA184}.Debug|Any CPU.Deploy.0 = Debug|Any CPU
		{DDFB4870-BA44-4DFD-BC2E-EDB3ECCAA184}.Release|Any CPU.ActiveCfg = Release|Any CPU
		{DDFB4870-BA44-4DFD-BC2E-EDB3ECCAA184}.Release|Any CPU.Build.0 = Release|Any CPU
		{DDFB4870-BA44-4DFD-BC2E-EDB3ECCAA184}.Release|Any CPU.Deploy.0 = Release|Any CPU
		{DBB8E061-232B-4385-88C8-6B985F02AFF2}.Debug|Any CPU.ActiveCfg = Debug|Any CPU
		{DBB8E061-232B-4385-88C8-6B985F02AFF2}.Debug|Any CPU.Build.0 = Debug|Any CPU
		{DBB8E061-232B-4385-88C8-6B985F02AFF2}.Release|Any CPU.ActiveCfg = Release|Any CPU
		{DBB8E061-232B-4385-88C8-6B985F02AFF2}.Release|Any CPU.Build.0 = Release|Any CPU
		{15D04A44-20CB-44C8-8591-117B281BEE26}.Debug|Any CPU.ActiveCfg = Debug|Any CPU
		{15D04A44-20CB-44C8-8591-117B281BEE26}.Debug|Any CPU.Build.0 = Debug|Any CPU
		{15D04A44-20CB-44C8-8591-117B281BEE26}.Release|Any CPU.ActiveCfg = Release|Any CPU
		{15D04A44-20CB-44C8-8591-117B281BEE26}.Release|Any CPU.Build.0 = Release|Any CPU
	EndGlobalSection
	GlobalSection(SolutionProperties) = preSolution
		HideSolutionNode = FALSE
	EndGlobalSection
	GlobalSection(ExtensibilityGlobals) = postSolution
		SolutionGuid = {E2BC8EE0-23D0-45AF-AC04-1B116246D5D0}
	EndGlobalSection
EndGlobal
